
Microsoft Visual Studio Solution File, Format Version 12.00
# Visual Studio Version 17
VisualStudioVersion = 17.11.35017.193
MinimumVisualStudioVersion = 10.0.40219.1
Project("{FAE04EC0-301F-11D3-BF4B-00C04F79EFBC}") = "sahha.API", "sahha.API\sahha.API.csproj", "{C131C5EE-E040-432D-9FC6-A396F0658B90}"
EndProject
Global
	GlobalSection(SolutionConfigurationPlatforms) = preSolution
		Debug|Any CPU = Debug|Any CPU
		Release|Any CPU = Release|Any CPU
	EndGlobalSection
	GlobalSection(ProjectConfigurationPlatforms) = postSolution
		{C131C5EE-E040-432D-9FC6-A396F0658B90}.Debug|Any CPU.ActiveCfg = Debug|Any CPU
		{C131C5EE-E040-432D-9FC6-A396F0658B90}.Debug|Any CPU.Build.0 = Debug|Any CPU
		{C131C5EE-E040-432D-9FC6-A396F0658B90}.Release|Any CPU.ActiveCfg = Release|Any CPU
		{C131C5EE-E040-432D-9FC6-A396F0658B90}.Release|Any CPU.Build.0 = Release|Any CPU
	EndGlobalSection
	GlobalSection(SolutionProperties) = preSolution
		HideSolutionNode = FALSE
	EndGlobalSection
	GlobalSection(ExtensibilityGlobals) = postSolution
		SolutionGuid = {285DBFF5-D356-4008-93B8-E3A4FAA6B09D}
	EndGlobalSection
EndGlobal
